<Solution>
  <Configurations>
    <Platform Name="Any CPU" />
    <Platform Name="x64" />
    <Platform Name="x86" />
  </Configurations>
  <Project Path="IronPythonEditor/IronPythonEditor.pyproj" Type="888888a0-9f3d-457c-b088-3a5042f75d52" Id="cca420bb-50e1-4dc3-8c90-8f43d53b3122">
    <Platform Project="AnyCPU" />
    <Build Project="false" />
  </Project>
  <Project Path="PvZWSTools_Android/PvZWSTools_Android.csproj" />
  <Project Path="PvZWSTools_Shared/PvZWSTools_Shared.shproj" />
  <Project Path="PvZWSTools_WPF/PvZWSTools_WPF.csproj" />
</Solution>
